
Microsoft Visual Studio Solution File, Format Version 12.00
# Visual Studio Version 17
VisualStudioVersion = 17.13.35931.197 d17.13
MinimumVisualStudioVersion = 10.0.40219.1
Project("{FAE04EC0-301F-11D3-BF4B-00C04F79EFBC}") = "UrlShortenerProject", "UrlShortenerProject.csproj", "{A1CDAA9F-4D3D-49C4-A339-6683F109C98E}"
EndProject
Global
	GlobalSection(SolutionConfigurationPlatforms) = preSolution
		Debug|Any CPU = Debug|Any CPU
		Release|Any CPU = Release|Any CPU
	EndGlobalSection
	GlobalSection(ProjectConfigurationPlatforms) = postSolution
		{A1CDAA9F-4D3D-49C4-A339-6683F109C98E}.Debug|Any CPU.ActiveCfg = Debug|Any CPU
		{A1CDAA9F-4D3D-49C4-A339-6683F109C98E}.Debug|Any CPU.Build.0 = Debug|Any CPU
		{A1CDAA9F-4D3D-49C4-A339-6683F109C98E}.Release|Any CPU.ActiveCfg = Release|Any CPU
		{A1CDAA9F-4D3D-49C4-A339-6683F109C98E}.Release|Any CPU.Build.0 = Release|Any CPU
	EndGlobalSection
	GlobalSection(SolutionProperties) = preSolution
		HideSolutionNode = FALSE
	EndGlobalSection
	GlobalSection(ExtensibilityGlobals) = postSolution
		SolutionGuid = {BC57B368-DD48-4FB9-A7A2-8F397516DF2F}
	EndGlobalSection
EndGlobal
